
Microsoft Visual Studio Solution File, Format Version 12.00
# Visual Studio 15
VisualStudioVersion = 15.0.28307.705
MinimumVisualStudioVersion = 10.0.40219.1
Project("{FAE04EC0-301F-11D3-BF4B-00C04F79EFBC}") = "TestTask", "TestTask\TestTask.csproj", "{A7EC22A6-9E76-43FC-802C-52A8CFF844F5}"
EndProject
Project("{9A19103F-16F7-4668-BE54-9A1E7A4F7556}") = "TestForAvailability", "TestForAvailability\TestForAvailability.csproj", "{2F2E0180-0928-4E36-AC51-15F64A8C50DB}"
EndProject
Project("{FAE04EC0-301F-11D3-BF4B-00C04F79EFBC}") = "UserStructureDLL", "UserStructureDLL\UserStructureDLL\UserStructureDLL.csproj", "{B32A1579-1CC1-498B-90AF-817E132C6078}"
EndProject
Project("{FAE04EC0-301F-11D3-BF4B-00C04F79EFBC}") = "SiteDLL", "SiteDLL\SiteDLL\SiteDLL.csproj", "{11A581B0-DE08-487A-8C20-FAB646122463}"
EndProject
Project("{FAE04EC0-301F-11D3-BF4B-00C04F79EFBC}") = "SendDLL", "SendDLL\SendDLL\SendDLL.csproj", "{51749A44-63C0-436A-904E-D7EBF9283139}"
EndProject
Project("{FAE04EC0-301F-11D3-BF4B-00C04F79EFBC}") = "MSQLDLL", "MSQLDLL\MSQLDLL\MSQLDLL.csproj", "{53E98407-E502-46FD-AB53-004357384D0D}"
EndProject
Project("{9A19103F-16F7-4668-BE54-9A1E7A4F7556}") = "InterfaceDLL", "InterfaceDLL\InterfaceDLL\InterfaceDLL.csproj", "{D9E3FA12-D3F2-4ADE-86F2-CF1F81078589}"
EndProject
Project("{FAE04EC0-301F-11D3-BF4B-00C04F79EFBC}") = "RemoveConsole", "RemoveWriteLines\RemoveConsole.csproj", "{5C152EB4-057B-4898-A89A-DA66D196D360}"
EndProject
Global
	GlobalSection(SolutionConfigurationPlatforms) = preSolution
		Debug|Any CPU = Debug|Any CPU
		Release|Any CPU = Release|Any CPU
	EndGlobalSection
	GlobalSection(ProjectConfigurationPlatforms) = postSolution
		{A7EC22A6-9E76-43FC-802C-52A8CFF844F5}.Debug|Any CPU.ActiveCfg = Debug|Any CPU
		{A7EC22A6-9E76-43FC-802C-52A8CFF844F5}.Debug|Any CPU.Build.0 = Debug|Any CPU
		{A7EC22A6-9E76-43FC-802C-52A8CFF844F5}.Release|Any CPU.ActiveCfg = Release|Any CPU
		{A7EC22A6-9E76-43FC-802C-52A8CFF844F5}.Release|Any CPU.Build.0 = Release|Any CPU
		{2F2E0180-0928-4E36-AC51-15F64A8C50DB}.Debug|Any CPU.ActiveCfg = Debug|Any CPU
		{2F2E0180-0928-4E36-AC51-15F64A8C50DB}.Debug|Any CPU.Build.0 = Debug|Any CPU
		{2F2E0180-0928-4E36-AC51-15F64A8C50DB}.Release|Any CPU.ActiveCfg = Release|Any CPU
		{2F2E0180-0928-4E36-AC51-15F64A8C50DB}.Release|Any CPU.Build.0 = Release|Any CPU
		{B32A1579-1CC1-498B-90AF-817E132C6078}.Debug|Any CPU.ActiveCfg = Debug|Any CPU
		{B32A1579-1CC1-498B-90AF-817E132C6078}.Debug|Any CPU.Build.0 = Debug|Any CPU
		{B32A1579-1CC1-498B-90AF-817E132C6078}.Release|Any CPU.ActiveCfg = Release|Any CPU
		{B32A1579-1CC1-498B-90AF-817E132C6078}.Release|Any CPU.Build.0 = Release|Any CPU
		{11A581B0-DE08-487A-8C20-FAB646122463}.Debug|Any CPU.ActiveCfg = Debug|Any CPU
		{11A581B0-DE08-487A-8C20-FAB646122463}.Debug|Any CPU.Build.0 = Debug|Any CPU
		{11A581B0-DE08-487A-8C20-FAB646122463}.Release|Any CPU.ActiveCfg = Release|Any CPU
		{11A581B0-DE08-487A-8C20-FAB646122463}.Release|Any CPU.Build.0 = Release|Any CPU
		{51749A44-63C0-436A-904E-D7EBF9283139}.Debug|Any CPU.ActiveCfg = Debug|Any CPU
		{51749A44-63C0-436A-904E-D7EBF9283139}.Debug|Any CPU.Build.0 = Debug|Any CPU
		{51749A44-63C0-436A-904E-D7EBF9283139}.Release|Any CPU.ActiveCfg = Release|Any CPU
		{51749A44-63C0-436A-904E-D7EBF9283139}.Release|Any CPU.Build.0 = Release|Any CPU
		{53E98407-E502-46FD-AB53-004357384D0D}.Debug|Any CPU.ActiveCfg = Debug|Any CPU
		{53E98407-E502-46FD-AB53-004357384D0D}.Debug|Any CPU.Build.0 = Debug|Any CPU
		{53E98407-E502-46FD-AB53-004357384D0D}.Release|Any CPU.ActiveCfg = Release|Any CPU
		{53E98407-E502-46FD-AB53-004357384D0D}.Release|Any CPU.Build.0 = Release|Any CPU
		{D9E3FA12-D3F2-4ADE-86F2-CF1F81078589}.Debug|Any CPU.ActiveCfg = Debug|Any CPU
		{D9E3FA12-D3F2-4ADE-86F2-CF1F81078589}.Debug|Any CPU.Build.0 = Debug|Any CPU
		{D9E3FA12-D3F2-4ADE-86F2-CF1F81078589}.Release|Any CPU.ActiveCfg = Release|Any CPU
		{D9E3FA12-D3F2-4ADE-86F2-CF1F81078589}.Release|Any CPU.Build.0 = Release|Any CPU
		{5C152EB4-057B-4898-A89A-DA66D196D360}.Debug|Any CPU.ActiveCfg = Debug|Any CPU
		{5C152EB4-057B-4898-A89A-DA66D196D360}.Debug|Any CPU.Build.0 = Debug|Any CPU
		{5C152EB4-057B-4898-A89A-DA66D196D360}.Release|Any CPU.ActiveCfg = Release|Any CPU
		{5C152EB4-057B-4898-A89A-DA66D196D360}.Release|Any CPU.Build.0 = Release|Any CPU
	EndGlobalSection
	GlobalSection(SolutionProperties) = preSolution
		HideSolutionNode = FALSE
	EndGlobalSection
	GlobalSection(ExtensibilityGlobals) = postSolution
		SolutionGuid = {42501F5A-6F98-4B45-A6CE-30822574E152}
	EndGlobalSection
EndGlobal
